
Microsoft Visual Studio Solution File, Format Version 12.00
# Visual Studio 14
VisualStudioVersion = 14.0.23107.0
MinimumVisualStudioVersion = 10.0.40219.1
Project("{8BC9CEB8-8B4A-11D0-8D11-00A0C91BC942}") = "ev3dev", "ev3dev.vcxproj", "{A1C44C9C-E1C2-473E-A2B2-A4E0C6AF5114}"
EndProject
Project("{8BC9CEB8-8B4A-11D0-8D11-00A0C91BC942}") = "win_debug", "..\win_debug\win_debug.vcxproj", "{7FBBCB72-9158-4A8E-85AB-7F5EE1718B39}"
EndProject
Global
	GlobalSection(SolutionConfigurationPlatforms) = preSolution
		Debug|EV3 = Debug|EV3
		Debug|x64 = Debug|x64
		Debug|x86 = Debug|x86
		EV3DEV|EV3 = EV3DEV|EV3
		EV3DEV|x64 = EV3DEV|x64
		EV3DEV|x86 = EV3DEV|x86
		Release|EV3 = Release|EV3
		Release|x64 = Release|x64
		Release|x86 = Release|x86
	EndGlobalSection
	GlobalSection(ProjectConfigurationPlatforms) = postSolution
		{A1C44C9C-E1C2-473E-A2B2-A4E0C6AF5114}.Debug|EV3.ActiveCfg = Debug|Win32
		{A1C44C9C-E1C2-473E-A2B2-A4E0C6AF5114}.Debug|x64.ActiveCfg = Debug|Win32
		{A1C44C9C-E1C2-473E-A2B2-A4E0C6AF5114}.Debug|x86.ActiveCfg = Debug|Win32
		{A1C44C9C-E1C2-473E-A2B2-A4E0C6AF5114}.Debug|x86.Build.0 = Debug|Win32
		{A1C44C9C-E1C2-473E-A2B2-A4E0C6AF5114}.EV3DEV|EV3.ActiveCfg = Release|Win32
		{A1C44C9C-E1C2-473E-A2B2-A4E0C6AF5114}.EV3DEV|EV3.Build.0 = Release|Win32
		{A1C44C9C-E1C2-473E-A2B2-A4E0C6AF5114}.EV3DEV|x64.ActiveCfg = Debug|Win32
		{A1C44C9C-E1C2-473E-A2B2-A4E0C6AF5114}.EV3DEV|x64.Build.0 = Debug|Win32
		{A1C44C9C-E1C2-473E-A2B2-A4E0C6AF5114}.EV3DEV|x86.ActiveCfg = Debug|Win32
		{A1C44C9C-E1C2-473E-A2B2-A4E0C6AF5114}.EV3DEV|x86.Build.0 = Debug|Win32
		{A1C44C9C-E1C2-473E-A2B2-A4E0C6AF5114}.Release|EV3.ActiveCfg = Release|Win32
		{A1C44C9C-E1C2-473E-A2B2-A4E0C6AF5114}.Release|x64.ActiveCfg = Release|Win32
		{A1C44C9C-E1C2-473E-A2B2-A4E0C6AF5114}.Release|x86.ActiveCfg = Release|Win32
		{A1C44C9C-E1C2-473E-A2B2-A4E0C6AF5114}.Release|x86.Build.0 = Release|Win32
		{7FBBCB72-9158-4A8E-85AB-7F5EE1718B39}.Debug|EV3.ActiveCfg = Debug|Win32
		{7FBBCB72-9158-4A8E-85AB-7F5EE1718B39}.Debug|x64.ActiveCfg = Debug|x64
		{7FBBCB72-9158-4A8E-85AB-7F5EE1718B39}.Debug|x64.Build.0 = Debug|x64
		{7FBBCB72-9158-4A8E-85AB-7F5EE1718B39}.Debug|x86.ActiveCfg = Debug|Win32
		{7FBBCB72-9158-4A8E-85AB-7F5EE1718B39}.Debug|x86.Build.0 = Debug|Win32
		{7FBBCB72-9158-4A8E-85AB-7F5EE1718B39}.EV3DEV|EV3.ActiveCfg = Release|x64
		{7FBBCB72-9158-4A8E-85AB-7F5EE1718B39}.EV3DEV|EV3.Build.0 = Release|x64
		{7FBBCB72-9158-4A8E-85AB-7F5EE1718B39}.EV3DEV|x64.ActiveCfg = Release|x64
		{7FBBCB72-9158-4A8E-85AB-7F5EE1718B39}.EV3DEV|x64.Build.0 = Release|x64
		{7FBBCB72-9158-4A8E-85AB-7F5EE1718B39}.EV3DEV|x86.ActiveCfg = Release|Win32
		{7FBBCB72-9158-4A8E-85AB-7F5EE1718B39}.EV3DEV|x86.Build.0 = Release|Win32
		{7FBBCB72-9158-4A8E-85AB-7F5EE1718B39}.Release|EV3.ActiveCfg = Release|Win32
		{7FBBCB72-9158-4A8E-85AB-7F5EE1718B39}.Release|x64.ActiveCfg = Release|x64
		{7FBBCB72-9158-4A8E-85AB-7F5EE1718B39}.Release|x64.Build.0 = Release|x64
		{7FBBCB72-9158-4A8E-85AB-7F5EE1718B39}.Release|x86.ActiveCfg = Release|Win32
		{7FBBCB72-9158-4A8E-85AB-7F5EE1718B39}.Release|x86.Build.0 = Release|Win32
	EndGlobalSection
	GlobalSection(SolutionProperties) = preSolution
		HideSolutionNode = FALSE
	EndGlobalSection
EndGlobal
